
Microsoft Visual Studio Solution File, Format Version 12.00
# Visual Studio Version 17
VisualStudioVersion = 17.0.31903.59
MinimumVisualStudioVersion = 10.0.40219.1
Project("{FAE04EC0-301F-11D3-BF4B-00C04F79EFBC}") = "Aspect", "Aspect\Aspect.csproj", "{571049C0-77D0-4687-885E-390695DF1C2A}"
EndProject
Project("{FAE04EC0-301F-11D3-BF4B-00C04F79EFBC}") = "Aspect.Tests", "Aspect.Tests\Aspect.Tests.csproj", "{2EE24F97-647C-4278-BFFA-0906414E902C}"
EndProject
Project("{FAE04EC0-301F-11D3-BF4B-00C04F79EFBC}") = "Aspect.Extensions.DependencyInjection", "Aspect.Extensions.DependencyInjection\Aspect.Extensions.DependencyInjection.csproj", "{9EBCCC93-F4A6-4EE0-9761-823DDB2EF801}"
EndProject
Global
	GlobalSection(SolutionConfigurationPlatforms) = preSolution
		Debug|Any CPU = Debug|Any CPU
		Release|Any CPU = Release|Any CPU
	EndGlobalSection
	GlobalSection(SolutionProperties) = preSolution
		HideSolutionNode = FALSE
	EndGlobalSection
	GlobalSection(ProjectConfigurationPlatforms) = postSolution
		{571049C0-77D0-4687-885E-390695DF1C2A}.Debug|Any CPU.ActiveCfg = Debug|Any CPU
		{571049C0-77D0-4687-885E-390695DF1C2A}.Debug|Any CPU.Build.0 = Debug|Any CPU
		{571049C0-77D0-4687-885E-390695DF1C2A}.Release|Any CPU.ActiveCfg = Release|Any CPU
		{571049C0-77D0-4687-885E-390695DF1C2A}.Release|Any CPU.Build.0 = Release|Any CPU
		{2EE24F97-647C-4278-BFFA-0906414E902C}.Debug|Any CPU.ActiveCfg = Debug|Any CPU
		{2EE24F97-647C-4278-BFFA-0906414E902C}.Debug|Any CPU.Build.0 = Debug|Any CPU
		{2EE24F97-647C-4278-BFFA-0906414E902C}.Release|Any CPU.ActiveCfg = Release|Any CPU
		{2EE24F97-647C-4278-BFFA-0906414E902C}.Release|Any CPU.Build.0 = Release|Any CPU
		{9EBCCC93-F4A6-4EE0-9761-823DDB2EF801}.Debug|Any CPU.ActiveCfg = Debug|Any CPU
		{9EBCCC93-F4A6-4EE0-9761-823DDB2EF801}.Debug|Any CPU.Build.0 = Debug|Any CPU
		{9EBCCC93-F4A6-4EE0-9761-823DDB2EF801}.Release|Any CPU.ActiveCfg = Release|Any CPU
		{9EBCCC93-F4A6-4EE0-9761-823DDB2EF801}.Release|Any CPU.Build.0 = Release|Any CPU
	EndGlobalSection
EndGlobal
